github.com/orcaman/writerseeker v0.0.0-20180723184025-774071c66cec h1:0bqN8Rf2FuWPPjV5mKQZadZrGlhA3j5IHQHQGnDOhZM=
github.com/orcaman/writerseeker v0.0.0-20180723184025-774071c66cec/go.mod h1:nBdnFKj15wFbf94Rwfq4m30eAcyY9V/IyKAGQFtqkW0=
github.com/worldiety/tools v0.0.0-20200212095042-da9114d80da1 h1:AD5dldXMD09aA4n2ZfboeVHp/cXy9iG7kqui42PwQUA=
github.com/worldiety/tools v0.0.0-20200212095042-da9114d80da1/go.mod h1:UWAhh+6RdP5npsQH++W2dgqdF4pTBEvzcpp3tWhHhV8=
